version: 6
environments:
  default:
    channels:
    - url: https://conda.anaconda.org/conda-forge/
    packages:
      win-64:
      - conda: https://conda.anaconda.org/conda-forge/win-64/bzip2-1.0.8-h0ad9c76_8.conda
      - conda: https://conda.anaconda.org/conda-forge/noarch/ca-certificates-2025.11.12-h4c7d964_0.conda
      - conda: https://conda.anaconda.org/conda-forge/win-64/libblas-3.11.0-4_hf2e6a31_mkl.conda
      - conda: https://conda.anaconda.org/conda-forge/win-64/libcblas-3.11.0-4_h2a3cdd5_mkl.conda
      - conda: https://conda.anaconda.org/conda-forge/win-64/libffi-3.4.6-h537db12_1.conda
      - conda: https://conda.anaconda.org/conda-forge/win-64/libhwloc-2.12.1-default_h4379cf1_1003.conda
      - conda: https://conda.anaconda.org/conda-forge/win-64/libiconv-1.18-hc1393d2_2.conda
      - conda: https://conda.anaconda.org/conda-forge/win-64/liblapack-3.11.0-4_hf9ab0e9_mkl.conda
      - conda: https://conda.anaconda.org/conda-forge/win-64/liblzma-5.8.1-h2466b09_2.conda
      - conda: https://conda.anaconda.org/conda-forge/win-64/liblzma-devel-5.8.1-h2466b09_2.conda
      - conda: https://conda.anaconda.org/conda-forge/win-64/libsqlite-3.51.1-hf5d6505_0.conda
      - conda: https://conda.anaconda.org/conda-forge/win-64/libwinpthread-12.0.0.r4.gg4f2fc60ca-h57928b3_10.conda
      - conda: https://conda.anaconda.org/conda-forge/win-64/libxml2-16-2.15.1-h692994f_0.conda
      - conda: https://conda.anaconda.org/conda-forge/win-64/libxml2-2.15.1-h5d26750_0.conda
      - conda: https://conda.anaconda.org/conda-forge/win-64/libzlib-1.3.1-h2466b09_2.conda
      - conda: https://conda.anaconda.org/conda-forge/win-64/llvm-openmp-21.1.7-h4fa8253_0.conda
      - conda: https://conda.anaconda.org/conda-forge/win-64/mkl-2025.3.0-hac47afa_454.conda
      - conda: https://conda.anaconda.org/conda-forge/win-64/numpy-2.2.6-py310h4987827_0.conda
      - conda: https://conda.anaconda.org/conda-forge/win-64/openssl-3.6.0-h725018a_0.conda
      - conda: https://conda.anaconda.org/conda-forge/win-64/python-3.10.0-hcf16a7b_3_cpython.tar.bz2
      - conda: https://conda.anaconda.org/conda-forge/noarch/python_abi-3.10-8_cp310.conda
      - conda: https://conda.anaconda.org/conda-forge/win-64/scipy-1.15.2-py310h15c175c_0.conda
      - conda: https://conda.anaconda.org/conda-forge/win-64/sqlite-3.51.1-hdb435a2_0.conda
      - conda: https://conda.anaconda.org/conda-forge/win-64/tbb-2022.3.0-hd094cb3_1.conda
      - conda: https://conda.anaconda.org/conda-forge/win-64/tk-8.6.13-h2c6b04d_3.conda
      - conda: https://conda.anaconda.org/conda-forge/noarch/tzdata-2025b-h78e105d_0.conda
      - conda: https://conda.anaconda.org/conda-forge/win-64/ucrt-10.0.26100.0-h57928b3_0.conda
      - conda: https://conda.anaconda.org/conda-forge/win-64/vc-14.3-h2b53caa_33.conda
      - conda: https://conda.anaconda.org/conda-forge/win-64/vc14_runtime-14.44.35208-h818238b_33.conda
      - conda: https://conda.anaconda.org/conda-forge/win-64/vcomp14-14.44.35208-h818238b_33.conda
      - conda: https://conda.anaconda.org/conda-forge/win-64/vs2015_runtime-14.44.35208-h38c0c73_33.conda
      - conda: https://conda.anaconda.org/conda-forge/win-64/xz-5.8.1-h208afaa_2.conda
      - conda: https://conda.anaconda.org/conda-forge/win-64/xz-tools-5.8.1-h2466b09_2.conda
packages:
- conda: https://conda.anaconda.org/conda-forge/win-64/bzip2-1.0.8-h0ad9c76_8.conda
  sha256: d882712855624641f48aa9dc3f5feea2ed6b4e6004585d3616386a18186fe692
  md5: 1077e9333c41ff0be8edd1a5ec0ddace
  depends:
  - ucrt >=10.0.20348.0
  - vc >=14.3,<15
  - vc14_runtime >=14.44.35208
  license: bzip2-1.0.6
  license_family: BSD
  size: 55977
  timestamp: 1757437738856
- conda: https://conda.anaconda.org/conda-forge/noarch/ca-certificates-2025.11.12-h4c7d964_0.conda
  sha256: 686a13bd2d4024fc99a22c1e0e68a7356af3ed3304a8d3ff6bb56249ad4e82f0
  md5: f98fb7db808b94bc1ec5b0e62f9f1069
  depends:
  - __win
  license: ISC
  size: 152827
  timestamp: 1762967310929
- conda: https://conda.anaconda.org/conda-forge/win-64/libblas-3.11.0-4_hf2e6a31_mkl.conda
  build_number: 4
  sha256: 0c6ecdabcd3c5b92c7be68a65c30c29983040dd81f502d2e9ad3763fdbbabdef
  md5: 97ec87aab53fb310e6c19cde2eec1de2
  depends:
  - mkl >=2025.3.0,<2026.0a0
  constrains:
  - liblapacke 3.11.0   4*_mkl
  - libcblas   3.11.0   4*_mkl
  - liblapack  3.11.0   4*_mkl
  - blas 2.304   mkl
  license: BSD-3-Clause
  license_family: BSD
  size: 67784
  timestamp: 1764824188313
- conda: https://conda.anaconda.org/conda-forge/win-64/libcblas-3.11.0-4_h2a3cdd5_mkl.conda
  build_number: 4
  sha256: 4cd0f2ec9823995a74b73c0119201dcf9a28444bdc2f0a824dfa938b5bdd5601
  md5: 64410b46ecf6fdfd19eb1d124d9eb450
  depends:
  - libblas 3.11.0 4_hf2e6a31_mkl
  constrains:
  - liblapacke 3.11.0   4*_mkl
  - liblapack  3.11.0   4*_mkl
  - blas 2.304   mkl
  license: BSD-3-Clause
  license_family: BSD
  size: 68001
  timestamp: 1764824219221
- conda: https://conda.anaconda.org/conda-forge/win-64/libffi-3.4.6-h537db12_1.conda
  sha256: d3b0b8812eab553d3464bbd68204f007f1ebadf96ce30eb0cbc5159f72e353f5
  md5: 85d8fa5e55ed8f93f874b3b23ed54ec6
  depends:
  - ucrt >=10.0.20348.0
  - vc >=14.2,<15
  - vc14_runtime >=14.29.30139
  license: MIT
  license_family: MIT
  size: 44978
  timestamp: 1743435053850
- conda: https://conda.anaconda.org/conda-forge/win-64/libhwloc-2.12.1-default_h4379cf1_1003.conda
  sha256: 2d534c09f92966b885acb3f4a838f7055cea043165a03079a539b06c54e20a49
  md5: d1699ce4fe195a9f61264a1c29b87035
  depends:
  - libwinpthread >=12.0.0.r4.gg4f2fc60ca
  - libxml2
  - libxml2-16 >=2.14.6
  - ucrt >=10.0.20348.0
  - vc >=14.3,<15
  - vc14_runtime >=14.44.35208
  license: BSD-3-Clause
  license_family: BSD
  size: 2412642
  timestamp: 1765090345611
- conda: https://conda.anaconda.org/conda-forge/win-64/libiconv-1.18-hc1393d2_2.conda
  sha256: 0dcdb1a5f01863ac4e8ba006a8b0dc1a02d2221ec3319b5915a1863254d7efa7
  md5: 64571d1dd6cdcfa25d0664a5950fdaa2
  depends:
  - ucrt >=10.0.20348.0
  - vc >=14.3,<15
  - vc14_runtime >=14.44.35208
  license: LGPL-2.1-only
  size: 696926
  timestamp: 1754909290005
- conda: https://conda.anaconda.org/conda-forge/win-64/liblapack-3.11.0-4_hf9ab0e9_mkl.conda
  build_number: 4
  sha256: d820333e9bac8381fb69e857d673c12d034bb45d0fe4818a1d12e1ec7a39e7df
  md5: 67298727e96b60068a316d2f627e1e35
  depends:
  - libblas 3.11.0 4_hf2e6a31_mkl
  constrains:
  - liblapacke 3.11.0   4*_mkl
  - libcblas   3.11.0   4*_mkl
  - blas 2.304   mkl
  license: BSD-3-Clause
  license_family: BSD
  size: 80387
  timestamp: 1764824249543
- conda: https://conda.anaconda.org/conda-forge/win-64/liblzma-5.8.1-h2466b09_2.conda
  sha256: 55764956eb9179b98de7cc0e55696f2eff8f7b83fc3ebff5e696ca358bca28cc
  md5: c15148b2e18da456f5108ccb5e411446
  depends:
  - ucrt >=10.0.20348.0
  - vc >=14.2,<15
  - vc14_runtime >=14.29.30139
  constrains:
  - xz 5.8.1.*
  license: 0BSD
  size: 104935
  timestamp: 1749230611612
- conda: https://conda.anaconda.org/conda-forge/win-64/liblzma-devel-5.8.1-h2466b09_2.conda
  sha256: 1ccff927a2d768403bad85e36ca3e931d96890adb4f503e1780c3412dd1e1298
  md5: 42c90c4941c59f1b9f8fab627ad8ae76
  depends:
  - liblzma 5.8.1 h2466b09_2
  - ucrt >=10.0.20348.0
  - vc >=14.2,<15
  - vc14_runtime >=14.29.30139
  license: 0BSD
  size: 129344
  timestamp: 1749230637001
- conda: https://conda.anaconda.org/conda-forge/win-64/libsqlite-3.51.1-hf5d6505_0.conda
  sha256: a976c8b455d9023b83878609bd68c3b035b9839d592bd6c7be7552c523773b62
  md5: f92bef2f8e523bb0eabe60099683617a
  depends:
  - ucrt >=10.0.20348.0
  - vc >=14.3,<15
  - vc14_runtime >=14.44.35208
  license: blessing
  size: 1291059
  timestamp: 1764359545703
- conda: https://conda.anaconda.org/conda-forge/win-64/libwinpthread-12.0.0.r4.gg4f2fc60ca-h57928b3_10.conda
  sha256: 0fccf2d17026255b6e10ace1f191d0a2a18f2d65088fd02430be17c701f8ffe0
  md5: 8a86073cf3b343b87d03f41790d8b4e5
  depends:
  - ucrt
  constrains:
  - pthreads-win32 <0.0a0
  - msys2-conda-epoch <0.0a0
  license: MIT AND BSD-3-Clause-Clear
  size: 36621
  timestamp: 1759768399557
- conda: https://conda.anaconda.org/conda-forge/win-64/libxml2-2.15.1-h5d26750_0.conda
  sha256: f507960adf64ee9c9c7b7833d8b11980765ebd2bf5345f73d5a3b21b259eaed5
  md5: 9176ee05643a1bfe7f2e7b4c921d2c3d
  depends:
  - libiconv >=1.18,<2.0a0
  - liblzma >=5.8.1,<6.0a0
  - libxml2-16 2.15.1 h692994f_0
  - libzlib >=1.3.1,<2.0a0
  - ucrt >=10.0.20348.0
  - vc >=14.3,<15
  - vc14_runtime >=14.44.35208
  constrains:
  - icu <0.0a0
  license: MIT
  license_family: MIT
  size: 43209
  timestamp: 1761016354235
- conda: https://conda.anaconda.org/conda-forge/win-64/libxml2-16-2.15.1-h692994f_0.conda
  sha256: 04129dc2df47a01c55e5ccf8a18caefab94caddec41b3b10fbc409e980239eb9
  md5: 70ca4626111579c3cd63a7108fe737f9
  depends:
  - libiconv >=1.18,<2.0a0
  - liblzma >=5.8.1,<6.0a0
  - libzlib >=1.3.1,<2.0a0
  - ucrt >=10.0.20348.0
  - vc >=14.3,<15
  - vc14_runtime >=14.44.35208
  constrains:
  - icu <0.0a0
  - libxml2 2.15.1
  license: MIT
  license_family: MIT
  size: 518135
  timestamp: 1761016320405
- conda: https://conda.anaconda.org/conda-forge/win-64/libzlib-1.3.1-h2466b09_2.conda
  sha256: ba945c6493449bed0e6e29883c4943817f7c79cbff52b83360f7b341277c6402
  md5: 41fbfac52c601159df6c01f875de31b9
  depends:
  - ucrt >=10.0.20348.0
  - vc >=14.2,<15
  - vc14_runtime >=14.29.30139
  constrains:
  - zlib 1.3.1 *_2
  license: Zlib
  license_family: Other
  size: 55476
  timestamp: 1727963768015
- conda: https://conda.anaconda.org/conda-forge/win-64/llvm-openmp-21.1.7-h4fa8253_0.conda
  sha256: 79121242419bf8b485c313fa28697c5c61ec207afa674eac997b3cb2fd1ff892
  md5: 5823741f7af732cd56036ae392396ec6
  depends:
  - ucrt >=10.0.20348.0
  - vc >=14.3,<15
  - vc14_runtime >=14.44.35208
  constrains:
  - intel-openmp <0.0a0
  - openmp 21.1.7|21.1.7.*
  license: Apache-2.0 WITH LLVM-exception
  license_family: APACHE
  size: 347969
  timestamp: 1764722187332
- conda: https://conda.anaconda.org/conda-forge/win-64/mkl-2025.3.0-hac47afa_454.conda
  sha256: 3c432e77720726c6bd83e9ee37ac8d0e3dd7c4cf9b4c5805e1d384025f9e9ab6
  md5: c83ec81713512467dfe1b496a8292544
  depends:
  - llvm-openmp >=21.1.4
  - tbb >=2022.2.0
  - ucrt >=10.0.20348.0
  - vc >=14.3,<15
  - vc14_runtime >=14.44.35208
  license: LicenseRef-IntelSimplifiedSoftwareOct2022
  license_family: Proprietary
  size: 99909095
  timestamp: 1761668703167
- conda: https://conda.anaconda.org/conda-forge/win-64/numpy-2.2.6-py310h4987827_0.conda
  sha256: 6f628e51763b86a535a723664e3aa1e38cb7147a2697f80b75c1980c1ed52f3e
  md5: d2596785ac2cf5bab04e2ee9e5d04041
  depends:
  - libblas >=3.9.0,<4.0a0
  - libcblas >=3.9.0,<4.0a0
  - liblapack >=3.9.0,<4.0a0
  - python >=3.10,<3.11.0a0
  - python_abi 3.10.* *_cp310
  - ucrt >=10.0.20348.0
  - vc >=14.2,<15
  - vc14_runtime >=14.29.30139
  constrains:
  - numpy-base <0a0
  license: BSD-3-Clause
  license_family: BSD
  size: 6596153
  timestamp: 1747545352390
- conda: https://conda.anaconda.org/conda-forge/win-64/openssl-3.6.0-h725018a_0.conda
  sha256: 6d72d6f766293d4f2aa60c28c244c8efed6946c430814175f959ffe8cab899b3
  md5: 84f8fb4afd1157f59098f618cd2437e4
  depends:
  - ca-certificates
  - ucrt >=10.0.20348.0
  - vc >=14.3,<15
  - vc14_runtime >=14.44.35208
  license: Apache-2.0
  license_family: Apache
  size: 9440812
  timestamp: 1762841722179
- conda: https://conda.anaconda.org/conda-forge/win-64/python-3.10.0-hcf16a7b_3_cpython.tar.bz2
  build_number: 3
  sha256: 444a45caf1b6334dbe6c49dc21015cddbda5d35b58749b805f74d535ad23eb67
  md5: 14b44eee89a77696eb6f68b75fea6cd4
  depends:
  - bzip2 >=1.0.8,<2.0a0
  - libffi >=3.4.2,<3.5.0a0
  - libzlib >=1.2.11,<2.0.0a0
  - openssl >=3.0.0,<4.0a0
  - sqlite >=3.36.0,<4.0a0
  - tk >=8.6.11,<8.7.0a0
  - tzdata
  - vc >=14.1,<15.0a0
  - vs2015_runtime >=14.16.27012
  - xz >=5.2.5,<6.0.0a0
  constrains:
  - python_abi 3.10.* *_cp310
  license: Python-2.0
  size: 15986716
  timestamp: 1637374998463
- conda: https://conda.anaconda.org/conda-forge/noarch/python_abi-3.10-8_cp310.conda
  build_number: 8
  sha256: 7ad76fa396e4bde336872350124c0819032a9e8a0a40590744ff9527b54351c1
  md5: 05e00f3b21e88bb3d658ac700b2ce58c
  constrains:
  - python 3.10.* *_cpython
  license: BSD-3-Clause
  license_family: BSD
  size: 6999
  timestamp: 1752805924192
- conda: https://conda.anaconda.org/conda-forge/win-64/scipy-1.15.2-py310h15c175c_0.conda
  sha256: f19350c2061b1cdc3151a33c3dd4f71a1a481f9b10ac186674f957814bc839bc
  md5: 81798168111d1021e3d815217c444418
  depends:
  - libblas >=3.9.0,<4.0a0
  - libcblas >=3.9.0,<4.0a0
  - liblapack >=3.9.0,<4.0a0
  - numpy <2.5
  - numpy >=1.19,<3
  - numpy >=1.23.5
  - python >=3.10,<3.11.0a0
  - python_abi 3.10.* *_cp310
  - ucrt >=10.0.20348.0
  - vc >=14.2,<15
  - vc14_runtime >=14.29.30139
  license: BSD-3-Clause
  license_family: BSD
  size: 14352068
  timestamp: 1739793156239
- conda: https://conda.anaconda.org/conda-forge/win-64/sqlite-3.51.1-hdb435a2_0.conda
  sha256: 87284f2f3c5da52fa00d694fea32656b9616fcdd425b970cef46c5de0ac636e8
  md5: 2a4cacda574f3377fb7e14630c9c0c73
  depends:
  - libsqlite 3.51.1 hf5d6505_0
  - ucrt >=10.0.20348.0
  - vc >=14.3,<15
  - vc14_runtime >=14.44.35208
  license: blessing
  size: 400644
  timestamp: 1764359585715
- conda: https://conda.anaconda.org/conda-forge/win-64/tbb-2022.3.0-hd094cb3_1.conda
  sha256: c31cac57913a699745d124cdc016a63e31c5749f16f60b3202414d071fc50573
  md5: 17c38aaf14c640b85c4617ccb59c1146
  depends:
  - libhwloc >=2.12.1,<2.12.2.0a0
  - ucrt >=10.0.20348.0
  - vc >=14.3,<15
  - vc14_runtime >=14.44.35208
  license: Apache-2.0
  license_family: APACHE
  size: 155714
  timestamp: 1762510341121
- conda: https://conda.anaconda.org/conda-forge/win-64/tk-8.6.13-h2c6b04d_3.conda
  sha256: 4581f4ffb432fefa1ac4f85c5682cc27014bcd66e7beaa0ee330e927a7858790
  md5: 7cb36e506a7dba4817970f8adb6396f9
  depends:
  - ucrt >=10.0.20348.0
  - vc >=14.2,<15
  - vc14_runtime >=14.29.30139
  license: TCL
  license_family: BSD
  size: 3472313
  timestamp: 1763055164278
- conda: https://conda.anaconda.org/conda-forge/noarch/tzdata-2025b-h78e105d_0.conda
  sha256: 5aaa366385d716557e365f0a4e9c3fca43ba196872abbbe3d56bb610d131e192
  md5: 4222072737ccff51314b5ece9c7d6f5a
  license: LicenseRef-Public-Domain
  size: 122968
  timestamp: 1742727099393
- conda: https://conda.anaconda.org/conda-forge/win-64/ucrt-10.0.26100.0-h57928b3_0.conda
  sha256: 3005729dce6f3d3f5ec91dfc49fc75a0095f9cd23bab49efb899657297ac91a5
  md5: 71b24316859acd00bdb8b38f5e2ce328
  constrains:
  - vc14_runtime >=14.29.30037
  - vs2015_runtime >=14.29.30037
  license: LicenseRef-MicrosoftWindowsSDK10
  size: 694692
  timestamp: 1756385147981
- conda: https://conda.anaconda.org/conda-forge/win-64/vc-14.3-h2b53caa_33.conda
  sha256: 7036945b5fff304064108c22cbc1bb30e7536363782b0456681ee6cf209138bd
  md5: 2d1c042360c09498891809a3765261be
  depends:
  - vc14_runtime >=14.42.34433
  track_features:
  - vc14
  license: BSD-3-Clause
  license_family: BSD
  size: 19070
  timestamp: 1765216452130
- conda: https://conda.anaconda.org/conda-forge/win-64/vc14_runtime-14.44.35208-h818238b_33.conda
  sha256: 7e8f7da25d7ce975bbe7d7e6d6e899bf1f253e524a3427cc135a79f3a79c457c
  md5: fb8e4914c5ad1c71b3c519621e1df7b8
  depends:
  - ucrt >=10.0.20348.0
  - vcomp14 14.44.35208 h818238b_33
  constrains:
  - vs2015_runtime 14.44.35208.* *_33
  license: LicenseRef-MicrosoftVisualCpp2015-2022Runtime
  license_family: Proprietary
  size: 684323
  timestamp: 1765216366832
- conda: https://conda.anaconda.org/conda-forge/win-64/vcomp14-14.44.35208-h818238b_33.conda
  sha256: f79edd878094e86af2b2bc1455b0a81e02839a784fb093d5996ad4cf7b810101
  md5: 4cb6942b4bd846e51b4849f4a93c7e6d
  depends:
  - ucrt >=10.0.20348.0
  constrains:
  - vs2015_runtime 14.44.35208.* *_33
  license: LicenseRef-MicrosoftVisualCpp2015-2022Runtime
  license_family: Proprietary
  size: 115073
  timestamp: 1765216325898
- conda: https://conda.anaconda.org/conda-forge/win-64/vs2015_runtime-14.44.35208-h38c0c73_33.conda
  sha256: 93fc61d05770f4c6b66214ed3494f632bf6e0e6ee7fcb0fb0a847a4bed131953
  md5: 65e5a2127012cd4dbc9354579661b9fd
  depends:
  - vc14_runtime >=14.44.35208
  license: BSD-3-Clause
  license_family: BSD
  size: 19159
  timestamp: 1765216369037
- conda: https://conda.anaconda.org/conda-forge/win-64/xz-5.8.1-h208afaa_2.conda
  sha256: 22289a81da4698bb8d13ac032a88a4a1f49505b2303885e1add3d8bd1a7b56e6
  md5: fb3fa84ea37de9f12cc8ba730cec0bdc
  depends:
  - liblzma 5.8.1 h2466b09_2
  - liblzma-devel 5.8.1 h2466b09_2
  - ucrt >=10.0.20348.0
  - vc >=14.2,<15
  - vc14_runtime >=14.29.30139
  - xz-tools 5.8.1 h2466b09_2
  license: 0BSD AND LGPL-2.1-or-later AND GPL-2.0-or-later
  size: 24430
  timestamp: 1749230691276
- conda: https://conda.anaconda.org/conda-forge/win-64/xz-tools-5.8.1-h2466b09_2.conda
  sha256: 38712f0e62f61741ab69d7551fa863099f5be769bdf9fdbc28542134874b4e88
  md5: e1b62ec0457e6ba10287a49854108fdb
  depends:
  - liblzma 5.8.1 h2466b09_2
  - ucrt >=10.0.20348.0
  - vc >=14.2,<15
  - vc14_runtime >=14.29.30139
  constrains:
  - xz 5.8.1.*
  license: 0BSD AND LGPL-2.1-or-later
  size: 67419
  timestamp: 1749230666460
